<?xml version="1.0" encoding="utf-8"?>
<Project ToolsVersion="4.0" xmlns="http://schemas.microsoft.com/developer/msbuild/2003">
  <ItemGroup>
    <Filter Include="Fichiers sources">
      <UniqueIdentifier>{4FC737F1-C7A5-4376-A066-2A32D752A2FF}</UniqueIdentifier>
      <Extensions>cpp;c;cc;cxx;c++;cppm;ixx;def;odl;idl;hpj;bat;asm;asmx</Extensions>
    </Filter>
    <Filter Include="Fichiers d%27en-tête">
      <UniqueIdentifier>{93995380-89BD-4b04-88EB-625FBE52EBFB}</UniqueIdentifier>
      <Extensions>h;hh;hpp;hxx;h++;hm;inl;inc;ipp;xsd</Extensions>
    </Filter>
    <Filter Include="Fichiers de ressources">
      <UniqueIdentifier>{67DA6AB6-F800-4c08-8B7A-83BB121AAD01}</UniqueIdentifier>
      <Extensions>rc;ico;cur;bmp;dlg;rc2;rct;bin;rgs;gif;jpg;jpeg;jpe;resx;tiff;tif;png;wav;mfcribbon-ms</Extensions>
    </Filter>
  </ItemGroup>
  <ItemGroup>
    <None Include="cpp.hint" />
  </ItemGroup>
  <ItemGroup>
    <ClInclude Include="lib\framework.h">
      <Filter>Header file</Filter>
    </ClInclude>
    <ClInclude Include="lib\pch.h">
      <Filter>Header file</Filter>
    </ClInclude>
    <ClInclude Include="lib\freeimage-dynamic.h">
      <Filter>Header file</Filter>
    </ClInclude>
    <ClInclude Include="lib\thumbs-pool.h">
      <Filter>Header file</Filter>
    </ClInclude>
    <ClInclude Include="lib\dupes-pixels.h">
      <Filter>Header file</Filter>
    </ClInclude>
    <ClInclude Include="lib\dupes-search.h">
      <Filter>Header file</Filter>
    </ClInclude>
    <ClInclude Include="lib\sqlite-dynamic.h">
      <Filter>Header file</Filter>
    </ClInclude>
    <ClInclude Include="lib\callwndproc-hook.h">
      <Filter>Header file</Filter>
    </ClInclude>
    <ClInclude Include="lib\pdf-writer.h">
      <Filter>Header file</Filter>
    </ClInclude>
    <ClInclude Include="lib\flood-fill.h">
      <Filter>Header file</Filter>
    </ClInclude>
    <ClInclude Include="lib\wic-loader.h">
      <Filter>Header file</Filter>
    </ClInclude>
    <ClInclude Include="lib\pdfium-reader.h">
      <Filter>Header file</Filter>
    </ClInclude>
    <ClInclude Include="lib\svg-render.h">
      <Filter>Header file</Filter>
    </ClInclude>
    <ClInclude Include="lib\selection-mask.h">
      <Filter>Header file</Filter>
    </ClInclude>
    <ClInclude Include="lib\blend-modes.h">
      <Filter>Header file</Filter>
    </ClInclude>
    <ClInclude Include="lib\color-adjust.h">
      <Filter>Header file</Filter>
    </ClInclude>
    <ClInclude Include="lib\open-cv-func.h">
      <Filter>Header file</Filter>
    </ClInclude>
    <ClInclude Include="lib\paint-brush.h">
      <Filter>Header file</Filter>
    </ClInclude>
  </ItemGroup>
  <ItemGroup>
    <ClCompile Include="qpv-main.cpp">
      <Filter>Fichiers sources</Filter>
    </ClCompile>
    <ClCompile Include="dllmain.cpp">
      <Filter>Fichiers sources</Filter>
    </ClCompile>
    <ClCompile Include="pch.cpp">
      <Filter>Fichiers sources</Filter>
    </ClCompile>
  </ItemGroup>
</Project>